
Microsoft Visual Studio Solution File, Format Version 12.00
# Visual Studio 2012
Project("{FAE04EC0-301F-11D3-BF4B-00C04F79EFBC}") = "VentanaFinal", "VentanaFinal\VentanaFinal.csproj", "{9E9CC193-BC62-4CA3-A4FE-CE9A3FB0A59D}"
EndProject
Project("{FAE04EC0-301F-11D3-BF4B-00C04F79EFBC}") = "VentanaFinal.Tests", "VentanaFinal.Tests\VentanaFinal.Tests.csproj", "{984D6B53-51BD-437D-82CB-7BCD6ADB080A}"
EndProject
Project("{FAE04EC0-301F-11D3-BF4B-00C04F79EFBC}") = "VentanaFinal.Infrastructure", "VentanaFinal.Infrastructure\VentanaFinal.Infrastructure.csproj", "{36E9D7F1-0723-4AC0-A96D-D209B52EFB88}"
EndProject
Project("{FAE04EC0-301F-11D3-BF4B-00C04F79EFBC}") = "VentanaFinal.Core", "VentanaFinal.Core\VentanaFinal.Core.csproj", "{BF0DE9F1-F88D-4021-A458-A2CA96754AC3}"
EndProject
Global
	GlobalSection(SolutionConfigurationPlatforms) = preSolution
		Debug|Any CPU = Debug|Any CPU
		Release|Any CPU = Release|Any CPU
	EndGlobalSection
	GlobalSection(ProjectConfigurationPlatforms) = postSolution
		{9E9CC193-BC62-4CA3-A4FE-CE9A3FB0A59D}.Debug|Any CPU.ActiveCfg = Debug|Any CPU
		{9E9CC193-BC62-4CA3-A4FE-CE9A3FB0A59D}.Debug|Any CPU.Build.0 = Debug|Any CPU
		{9E9CC193-BC62-4CA3-A4FE-CE9A3FB0A59D}.Release|Any CPU.ActiveCfg = Release|Any CPU
		{9E9CC193-BC62-4CA3-A4FE-CE9A3FB0A59D}.Release|Any CPU.Build.0 = Release|Any CPU
		{984D6B53-51BD-437D-82CB-7BCD6ADB080A}.Debug|Any CPU.ActiveCfg = Debug|Any CPU
		{984D6B53-51BD-437D-82CB-7BCD6ADB080A}.Debug|Any CPU.Build.0 = Debug|Any CPU
		{984D6B53-51BD-437D-82CB-7BCD6ADB080A}.Release|Any CPU.ActiveCfg = Release|Any CPU
		{984D6B53-51BD-437D-82CB-7BCD6ADB080A}.Release|Any CPU.Build.0 = Release|Any CPU
		{36E9D7F1-0723-4AC0-A96D-D209B52EFB88}.Debug|Any CPU.ActiveCfg = Debug|Any CPU
		{36E9D7F1-0723-4AC0-A96D-D209B52EFB88}.Debug|Any CPU.Build.0 = Debug|Any CPU
		{36E9D7F1-0723-4AC0-A96D-D209B52EFB88}.Release|Any CPU.ActiveCfg = Release|Any CPU
		{36E9D7F1-0723-4AC0-A96D-D209B52EFB88}.Release|Any CPU.Build.0 = Release|Any CPU
		{BF0DE9F1-F88D-4021-A458-A2CA96754AC3}.Debug|Any CPU.ActiveCfg = Debug|Any CPU
		{BF0DE9F1-F88D-4021-A458-A2CA96754AC3}.Debug|Any CPU.Build.0 = Debug|Any CPU
		{BF0DE9F1-F88D-4021-A458-A2CA96754AC3}.Release|Any CPU.ActiveCfg = Release|Any CPU
		{BF0DE9F1-F88D-4021-A458-A2CA96754AC3}.Release|Any CPU.Build.0 = Release|Any CPU
	EndGlobalSection
	GlobalSection(SolutionProperties) = preSolution
		HideSolutionNode = FALSE
	EndGlobalSection
	GlobalSection(ExtensibilityGlobals) = postSolution
		EnterpriseLibraryConfigurationToolBinariesPath = packages\Unity.2.1.505.2\lib\NET35
	EndGlobalSection
EndGlobal
